
Microsoft Visual Studio Solution File, Format Version 12.00
# Visual Studio Version 17
VisualStudioVersion = 17.6.33815.320
MinimumVisualStudioVersion = 10.0.40219.1
Project("{FAE04EC0-301F-11D3-BF4B-00C04F79EFBC}") = "Godor", "Godor\Godor.csproj", "{ABC6D2EF-0F18-4995-AD4F-D245B8737DA4}"
EndProject
Global
	GlobalSection(SolutionConfigurationPlatforms) = preSolution
		Debug|Any CPU = Debug|Any CPU
		Release|Any CPU = Release|Any CPU
	EndGlobalSection
	GlobalSection(ProjectConfigurationPlatforms) = postSolution
		{ABC6D2EF-0F18-4995-AD4F-D245B8737DA4}.Debug|Any CPU.ActiveCfg = Debug|Any CPU
		{ABC6D2EF-0F18-4995-AD4F-D245B8737DA4}.Debug|Any CPU.Build.0 = Debug|Any CPU
		{ABC6D2EF-0F18-4995-AD4F-D245B8737DA4}.Release|Any CPU.ActiveCfg = Release|Any CPU
		{ABC6D2EF-0F18-4995-AD4F-D245B8737DA4}.Release|Any CPU.Build.0 = Release|Any CPU
	EndGlobalSection
	GlobalSection(SolutionProperties) = preSolution
		HideSolutionNode = FALSE
	EndGlobalSection
	GlobalSection(ExtensibilityGlobals) = postSolution
		SolutionGuid = {599E760A-2F31-4D5B-A484-A0A94C4E89EE}
	EndGlobalSection
EndGlobal
